// !$*UTF8*$!
{
	archiveVersion = 1;
	classes = {
	};
	objectVersion = 50;
	objects = {

/* Begin PBXBuildFile section */
		29E5A73823CBC42D00023B66 /* AppDelegate.swift in Sources */ = {isa = PBXBuildFile; fileRef = 29E5A73723CBC42D00023B66 /* AppDelegate.swift */; };
		29E5A73A23CBC42D00023B66 /* SceneDelegate.swift in Sources */ = {isa = PBXBuildFile; fileRef = 29E5A73923CBC42D00023B66 /* SceneDelegate.swift */; };
		29E5A73C23CBC42D00023B66 /* ViewController.swift in Sources */ = {isa = PBXBuildFile; fileRef = 29E5A73B23CBC42D00023B66 /* ViewController.swift */; };
		29E5A73F23CBC42D00023B66 /* Main.storyboard in Resources */ = {isa = PBXBuildFile; fileRef = 29E5A73D23CBC42D00023B66 /* Main.storyboard */; };
		29E5A74223CBC42D00023B66 /* Catculator.xcdatamodeld in Sources */ = {isa = PBXBuildFile; fileRef = 29E5A74023CBC42D00023B66 /* Catculator.xcdatamodeld */; };
		29E5A74423CBC42E00023B66 /* Assets.xcassets in Resources */ = {isa = PBXBuildFile; fileRef = 29E5A74323CBC42E00023B66 /* Assets.xcassets */; };
		29E5A74723CBC42E00023B66 /* LaunchScreen.storyboard in Resources */ = {isa = PBXBuildFile; fileRef = 29E5A74523CBC42E00023B66 /* LaunchScreen.storyboard */; };
/* End PBXBuildFile section */

/* Begin PBXFileReference section */
		29E5A73423CBC42D00023B66 /* Catculator.app */ = {isa = PBXFileReference; explicitFileType = wrapper.application; includeInIndex = 0; path = Catculator.app; sourceTree = BUILT_PRODUCTS_DIR; };
		29E5A73723CBC42D00023B66 /* AppDelegate.swift */ = {isa = PBXFileReference; lastKnownFileType = sourcecode.swift; path = AppDelegate.swift; sourceTree = "<group>"; };
		29E5A73923CBC42D00023B66 /* SceneDelegate.swift */ = {isa = PBXFileReference; lastKnownFileType = sourcecode.swift; path = SceneDelegate.swift; sourceTree = "<group>"; };
		29E5A73B23CBC42D00023B66 /* ViewController.swift */ = {isa = PBXFileReference; lastKnownFileType = sourcecode.swift; path = ViewController.swift; sourceTree = "<group>"; };
		29E5A73E23CBC42D00023B66 /* Base */ = {isa = PBXFileReference; lastKnownFileType = file.storyboard; name = Base; path = Base.lproj/Main.storyboard; sourceTree = "<group>"; };
		29E5A74123CBC42D00023B66 /* Catculator.xcdatamodel */ = {isa = PBXFileReference; lastKnownFileType = wrapper.xcdatamodel; path = Catculator.xcdatamodel; sourceTree = "<group>"; };
		29E5A74323CBC42E00023B66 /* Assets.xcassets */ = {isa = PBXFileReference; lastKnownFileType = folder.assetcatalog; path = Assets.xcassets; sourceTree = "<group>"; };
		29E5A74623CBC42E00023B66 /* Base */ = {isa = PBXFileReference; lastKnownFileType = file.storyboard; name = Base; path = Base.lproj/LaunchScreen.storyboard; sourceTree = "<group>"; };
		29E5A74823CBC42E00023B66 /* Info.plist */ = {isa = PBXFileReference; lastKnownFileType = text.plist.xml; path = Info.plist; sourceTree = "<group>"; };
/* End PBXFileReference section */

/* Begin PBXFrameworksBuildPhase section */
		29E5A73123CBC42D00023B66 /* Frameworks */ = {
			isa = PBXFrameworksBuildPhase;
			buildActionMask = 2147483647;
			files = (
			);
			runOnlyForDeploymentPostprocessing = 0;
		};
/* End PBXFrameworksBuildPhase section */

/* Begin PBXGroup section */
		29E5A72B23CBC42D00023B66 = {
			isa = PBXGroup;
			children = (
				29E5A73623CBC42D00023B66 /* Catculator */,
				29E5A73523CBC42D00023B66 /* Products */,
			);
			sourceTree = "<group>";
		};
		29E5A73523CBC42D00023B66 /* Products */ = {
			isa = PBXGroup;
			children = (
				29E5A73423CBC42D00023B66 /* Catculator.app */,
			);
			name = Products;
			sourceTree = "<group>";
		};
		29E5A73623CBC42D00023B66 /* Catculator */ = {
			isa = PBXGroup;
			children = (
				29E5A73723CBC42D00023B66 /* AppDelegate.swift */,
				29E5A73923CBC42D00023B66 /* SceneDelegate.swift */,
				29E5A73B23CBC42D00023B66 /* ViewController.swift */,
				29E5A73D23CBC42D00023B66 /* Main.storyboard */,
				29E5A74323CBC42E00023B66 /* Assets.xcassets */,
				29E5A74523CBC42E00023B66 /* LaunchScreen.storyboard */,
				29E5A74823CBC42E00023B66 /* Info.plist */,
				29E5A74023CBC42D00023B66 /* Catculator.xcdatamodeld */,
			);
			path = Catculator;
			sourceTree = "<group>";
		};
/* End PBXGroup section */

/* Begin PBXNativeTarget section */
		29E5A73323CBC42D00023B66 /* Catculator */ = {
			isa = PBXNativeTarget;
			buildConfigurationList = 29E5A74B23CBC42E00023B66 /* Build configuration list for PBXNativeTarget "Catculator" */;
			buildPhases = (
				29E5A73023CBC42D00023B66 /* Sources */,
				29E5A73123CBC42D00023B66 /* Frameworks */,
				29E5A73223CBC42D00023B66 /* Resources */,
			);
			buildRules = (
			);
			dependencies = (
			);
			name = Catculator;
			productName = Catculator;
			productReference = 29E5A73423CBC42D00023B66 /* Catculator.app */;
			productType = "com.apple.product-type.application";
		};
/* End PBXNativeTarget section */

/* Begin PBXProject section */
		29E5A72C23CBC42D00023B66 /* Project object */ = {
			isa = PBXProject;
			attributes = {
				LastSwiftUpdateCheck = 1130;
				LastUpgradeCheck = 1130;
				ORGANIZATIONNAME = firerozen;
				TargetAttributes = {
					29E5A73323CBC42D00023B66 = {
						CreatedOnToolsVersion = 11.3;
					};
				};
			};
			buildConfigurationList = 29E5A72F23CBC42D00023B66 /* Build configuration list for PBXProject "Catculator" */;
			compatibilityVersion = "Xcode 9.3";
			developmentRegion = en;
			hasScannedForEncodings = 0;
			knownRegions = (
				en,
				Base,
			);
			mainGroup = 29E5A72B23CBC42D00023B66;
			productRefGroup = 29E5A73523CBC42D00023B66 /* Products */;
			projectDirPath = "";
			projectRoot = "";
			targets = (
				29E5A73323CBC42D00023B66 /* Catculator */,
			);
		};
/* End PBXProject section */

/* Begin PBXResourcesBuildPhase section */
		29E5A73223CBC42D00023B66 /* Resources */ = {
			isa = PBXResourcesBuildPhase;
			buildActionMask = 2147483647;
			files = (
				29E5A74723CBC42E00023B66 /* LaunchScreen.storyboard in Resources */,
				29E5A74423CBC42E00023B66 /* Assets.xcassets in Resources */,
				29E5A73F23CBC42D00023B66 /* Main.storyboard in Resources */,
			);
			runOnlyForDeploymentPostprocessing = 0;
		};
/* End PBXResourcesBuildPhase section */

/* Begin PBXSourcesBuildPhase section */
		29E5A73023CBC42D00023B66 /* Sources */ = {
			isa = PBXSourcesBuildPhase;
			buildActionMask = 2147483647;
			files = (
				29E5A73C23CBC42D00023B66 /* ViewController.swift in Sources */,
				29E5A74223CBC42D00023B66 /* Catculator.xcdatamodeld in Sources */,
				29E5A73823CBC42D00023B66 /* AppDelegate.swift in Sources */,
				29E5A73A23CBC42D00023B66 /* SceneDelegate.swift in Sources */,
			);
			runOnlyForDeploymentPostprocessing = 0;
		};
/* End PBXSourcesBuildPhase section */

/* Begin PBXVariantGroup section */
		29E5A73D23CBC42D00023B66 /* Main.storyboard */ = {
			isa = PBXVariantGroup;
			children = (
				29E5A73E23CBC42D00023B66 /* Base */,
			);
			name = Main.storyboard;
			sourceTree = "<group>";
		};
		29E5A74523CBC42E00023B66 /* LaunchScreen.storyboard */ = {
			isa = PBXVariantGroup;
			children = (
				29E5A74623CBC42E00023B66 /* Base */,
			);
			name = LaunchScreen.storyboard;
			sourceTree = "<group>";
		};
/* End PBXVariantGroup section */

/* Begin XCBuildConfiguration section */
		29E5A74923CBC42E00023B66 /* Debug */ = {
			isa = XCBuildConfiguration;
			buildSettings = {
				ALWAYS_SEARCH_USER_PATHS = NO;
				CLANG_ANALYZER_NONNULL = YES;
				CLANG_ANALYZER_NUMBER_OBJECT_CONVERSION = YES_AGGRESSIVE;
				CLANG_CXX_LANGUAGE_STANDARD = "gnu++14";
				CLANG_CXX_LIBRARY = "libc++";
				CLANG_ENABLE_MODULES = YES;
				CLANG_ENABLE_OBJC_ARC = YES;
				CLANG_ENABLE_OBJC_WEAK = YES;
				CLANG_WARN_BLOCK_CAPTURE_AUTORELEASING = YES;
				CLANG_WARN_BOOL_CONVERSION = YES;
				CLANG_WARN_COMMA = YES;
				CLANG_WARN_CONSTANT_CONVERSION = YES;
				CLANG_WARN_DEPRECATED_OBJC_IMPLEMENTATIONS = YES;
				CLANG_WARN_DIRECT_OBJC_ISA_USAGE = YES_ERROR;
				CLANG_WARN_DOCUMENTATION_COMMENTS = YES;
				CLANG_WARN_EMPTY_BODY = YES;
				CLANG_WARN_ENUM_CONVERSION = YES;
				CLANG_WARN_INFINITE_RECURSION = YES;
				CLANG_WARN_INT_CONVERSION = YES;
				CLANG_WARN_NON_LITERAL_NULL_CONVERSION = YES;
				CLANG_WARN_OBJC_IMPLICIT_RETAIN_SELF = YES;
				CLANG_WARN_OBJC_LITERAL_CONVERSION = YES;
				CLANG_WARN_OBJC_ROOT_CLASS = YES_ERROR;
				CLANG_WARN_RANGE_LOOP_ANALYSIS = YES;
				CLANG_WARN_STRICT_PROTOTYPES = YES;
				CLANG_WARN_SUSPICIOUS_MOVE = YES;
				CLANG_WARN_UNGUARDED_AVAILABILITY = YES_AGGRESSIVE;
				CLANG_WARN_UNREACHABLE_CODE = YES;
				CLANG_WARN__DUPLICATE_METHOD_MATCH = YES;
				COPY_PHASE_STRIP = NO;
				DEBUG_INFORMATION_FORMAT = dwarf;
				ENABLE_STRICT_OBJC_MSGSEND = YES;
				ENABLE_TESTABILITY = YES;
				GCC_C_LANGUAGE_STANDARD = gnu11;
				GCC_DYNAMIC_NO_PIC = NO;
				GCC_NO_COMMON_BLOCKS = YES;
				GCC_OPTIMIZATION_LEVEL = 0;
				GCC_PREPROCESSOR_DEFINITIONS = (
					"DEBUG=1",
					"$(inherited)",
				);
				GCC_WARN_64_TO_32_BIT_CONVERSION = YES;
				GCC_WARN_ABOUT_RETURN_TYPE = YES_ERROR;
				GCC_WARN_UNDECLARED_SELECTOR = YES;
				GCC_WARN_UNINITIALIZED_AUTOS = YES_AGGRESSIVE;
				GCC_WARN_UNUSED_FUNCTION = YES;
				GCC_WARN_UNUSED_VARIABLE = YES;
				IPHONEOS_DEPLOYMENT_TARGET = 13.2;
				MTL_ENABLE_DEBUG_INFO = INCLUDE_SOURCE;
				MTL_FAST_MATH = YES;
				ONLY_ACTIVE_ARCH = YES;
				SDKROOT = iphoneos;
				SWIFT_ACTIVE_COMPILATION_CONDITIONS = DEBUG;
				SWIFT_OPTIMIZATION_LEVEL = "-Onone";
			};
			name = Debug;
		};
		29E5A74A23CBC42E00023B66 /* Release */ = {
			isa = XCBuildConfiguration;
			buildSettings = {
				ALWAYS_SEARCH_USER_PATHS = NO;
				CLANG_ANALYZER_NONNULL = YES;
				CLANG_ANALYZER_NUMBER_OBJECT_CONVERSION = YES_AGGRESSIVE;
				CLANG_CXX_LANGUAGE_STANDARD = "gnu++14";
				CLANG_CXX_LIBRARY = "libc++";
				CLANG_ENABLE_MODULES = YES;
				CLANG_ENABLE_OBJC_ARC = YES;
				CLANG_ENABLE_OBJC_WEAK = YES;
				CLANG_WARN_BLOCK_CAPTURE_AUTORELEASING = YES;
				CLANG_WARN_BOOL_CONVERSION = YES;
				CLANG_WARN_COMMA = YES;
				CLANG_WARN_CONSTANT_CONVERSION = YES;
				CLANG_WARN_DEPRECATED_OBJC_IMPLEMENTATIONS = YES;
				CLANG_WARN_DIRECT_OBJC_ISA_USAGE = YES_ERROR;
				CLANG_WARN_DOCUMENTATION_COMMENTS = YES;
				CLANG_WARN_EMPTY_BODY = YES;
				CLANG_WARN_ENUM_CONVERSION = YES;
				CLANG_WARN_INFINITE_RECURSION = YES;
				CLANG_WARN_INT_CONVERSION = YES;
				CLANG_WARN_NON_LITERAL_NULL_CONVERSION = YES;
				CLANG_WARN_OBJC_IMPLICIT_RETAIN_SELF = YES;
				CLANG_WARN_OBJC_LITERAL_CONVERSION = YES;
				CLANG_WARN_OBJC_ROOT_CLASS = YES_ERROR;
				CLANG_WARN_RANGE_LOOP_ANALYSIS = YES;
				CLANG_WARN_STRICT_PROTOTYPES = YES;
				CLANG_WARN_SUSPICIOUS_MOVE = YES;
				CLANG_WARN_UNGUARDED_AVAILABILITY = YES_AGGRESSIVE;
				CLANG_WARN_UNREACHABLE_CODE = YES;
				CLANG_WARN__DUPLICATE_METHOD_MATCH = YES;
				COPY_PHASE_STRIP = NO;
				DEBUG_INFORMATION_FORMAT = "dwarf-with-dsym";
				ENABLE_NS_ASSERTIONS = NO;
				ENABLE_STRICT_OBJC_MSGSEND = YES;
				GCC_C_LANGUAGE_STANDARD = gnu11;
				GCC_NO_COMMON_BLOCKS = YES;
				GCC_WARN_64_TO_32_BIT_CONVERSION = YES;
				GCC_WARN_ABOUT_RETURN_TYPE = YES_ERROR;
				GCC_WARN_UNDECLARED_SELECTOR = YES;
				GCC_WARN_UNINITIALIZED_AUTOS = YES_AGGRESSIVE;
				GCC_WARN_UNUSED_FUNCTION = YES;
				GCC_WARN_UNUSED_VARIABLE = YES;
				IPHONEOS_DEPLOYMENT_TARGET = 13.2;
				MTL_ENABLE_DEBUG_INFO = NO;
				MTL_FAST_MATH = YES;
				SDKROOT = iphoneos;
				SWIFT_COMPILATION_MODE = wholemodule;
				SWIFT_OPTIMIZATION_LEVEL = "-O";
				VALIDATE_PRODUCT = YES;
			};
			name = Release;
		};
		29E5A74C23CBC42E00023B66 /* Debug */ = {
			isa = XCBuildConfiguration;
			buildSettings = {
				ASSETCATALOG_COMPILER_APPICON_NAME = AppIcon;
				CODE_SIGN_STYLE = Automatic;
				INFOPLIST_FILE = Catculator/Info.plist;
				LD_RUNPATH_SEARCH_PATHS = (
					"$(inherited)",
					"@executable_path/Frameworks",
				);
				PRODUCT_BUNDLE_IDENTIFIER = com.lin.firerozen.Catculator;
				PRODUCT_NAME = "$(TARGET_NAME)";
				SWIFT_VERSION = 5.0;
				TARGETED_DEVICE_FAMILY = "1,2";
			};
			name = Debug;
		};
		29E5A74D23CBC42E00023B66 /* Release */ = {
			isa = XCBuildConfiguration;
			buildSettings = {
				ASSETCATALOG_COMPILER_APPICON_NAME = AppIcon;
				CODE_SIGN_STYLE = Automatic;
				INFOPLIST_FILE = Catculator/Info.plist;
				LD_RUNPATH_SEARCH_PATHS = (
					"$(inherited)",
					"@executable_path/Frameworks",
				);
				PRODUCT_BUNDLE_IDENTIFIER = com.lin.firerozen.Catculator;
				PRODUCT_NAME = "$(TARGET_NAME)";
				SWIFT_VERSION = 5.0;
				TARGETED_DEVICE_FAMILY = "1,2";
			};
			name = Release;
		};
/* End XCBuildConfiguration section */

/* Begin XCConfigurationList section */
		29E5A72F23CBC42D00023B66 /* Build configuration list for PBXProject "Catculator" */ = {
			isa = XCConfigurationList;
			buildConfigurations = (
				29E5A74923CBC42E00023B66 /* Debug */,
				29E5A74A23CBC42E00023B66 /* Release */,
			);
			defaultConfigurationIsVisible = 0;
			defaultConfigurationName = Release;
		};
		29E5A74B23CBC42E00023B66 /* Build configuration list for PBXNativeTarget "Catculator" */ = {
			isa = XCConfigurationList;
			buildConfigurations = (
				29E5A74C23CBC42E00023B66 /* Debug */,
				29E5A74D23CBC42E00023B66 /* Release */,
			);
			defaultConfigurationIsVisible = 0;
			defaultConfigurationName = Release;
		};
/* End XCConfigurationList section */

/* Begin XCVersionGroup section */
		29E5A74023CBC42D00023B66 /* Catculator.xcdatamodeld */ = {
			isa = XCVersionGroup;
			children = (
				29E5A74123CBC42D00023B66 /* Catculator.xcdatamodel */,
			);
			currentVersion = 29E5A74123CBC42D00023B66 /* Catculator.xcdatamodel */;
			path = Catculator.xcdatamodeld;
			sourceTree = "<group>";
			versionGroupType = wrapper.xcdatamodel;
		};
/* End XCVersionGroup section */
	};
	rootObject = 29E5A72C23CBC42D00023B66 /* Project object */;
}
