// !$*UTF8*$!
{
	archiveVersion = 1;
	classes = {
	};
	objectVersion = 51;
	objects = {

/* Begin PBXBuildFile section */
		2909FCF123D3E86B001C293D /* Category.swift in Sources */ = {isa = PBXBuildFile; fileRef = 2909FCF023D3E86B001C293D /* Category.swift */; };
		2928513723D3697300B42898 /* Model.swift in Sources */ = {isa = PBXBuildFile; fileRef = 2928513623D3697300B42898 /* Model.swift */; };
		297651F523D35B6D00449013 /* AppDelegate.swift in Sources */ = {isa = PBXBuildFile; fileRef = 297651F423D35B6D00449013 /* AppDelegate.swift */; };
		297651F723D35B6D00449013 /* SceneDelegate.swift in Sources */ = {isa = PBXBuildFile; fileRef = 297651F623D35B6D00449013 /* SceneDelegate.swift */; };
		297651F923D35B6D00449013 /* ViewController.swift in Sources */ = {isa = PBXBuildFile; fileRef = 297651F823D35B6D00449013 /* ViewController.swift */; };
		297651FC23D35B6D00449013 /* Main.storyboard in Resources */ = {isa = PBXBuildFile; fileRef = 297651FA23D35B6D00449013 /* Main.storyboard */; };
		2976520123D35B6F00449013 /* Assets.xcassets in Resources */ = {isa = PBXBuildFile; fileRef = 2976520023D35B6F00449013 /* Assets.xcassets */; };
		2976520423D35B6F00449013 /* LaunchScreen.storyboard in Resources */ = {isa = PBXBuildFile; fileRef = 2976520223D35B6F00449013 /* LaunchScreen.storyboard */; };
		2976520D23D35F8100449013 /* IngredientCell.swift in Sources */ = {isa = PBXBuildFile; fileRef = 2976520B23D35F8100449013 /* IngredientCell.swift */; };
		2976520E23D35F8100449013 /* IngredientCell.xib in Resources */ = {isa = PBXBuildFile; fileRef = 2976520C23D35F8100449013 /* IngredientCell.xib */; };
		2976521123D363CE00449013 /* Constants.swift in Sources */ = {isa = PBXBuildFile; fileRef = 2976521023D363CE00449013 /* Constants.swift */; };
		29FE243323D3CCF500350D60 /* Ingredient.swift in Sources */ = {isa = PBXBuildFile; fileRef = 29FE243223D3CCF500350D60 /* Ingredient.swift */; };
		74DEABA0C160D9219F235E41 /* Pods_Catculator.framework in Frameworks */ = {isa = PBXBuildFile; fileRef = ABDB8AACD3C10E55808584F2 /* Pods_Catculator.framework */; };
/* End PBXBuildFile section */

/* Begin PBXFileReference section */
		2909FCF023D3E86B001C293D /* Category.swift */ = {isa = PBXFileReference; lastKnownFileType = sourcecode.swift; path = Category.swift; sourceTree = "<group>"; };
		2928513623D3697300B42898 /* Model.swift */ = {isa = PBXFileReference; lastKnownFileType = sourcecode.swift; path = Model.swift; sourceTree = "<group>"; };
		297651F123D35B6D00449013 /* Catculator.app */ = {isa = PBXFileReference; explicitFileType = wrapper.application; includeInIndex = 0; path = Catculator.app; sourceTree = BUILT_PRODUCTS_DIR; };
		297651F423D35B6D00449013 /* AppDelegate.swift */ = {isa = PBXFileReference; lastKnownFileType = sourcecode.swift; path = AppDelegate.swift; sourceTree = "<group>"; };
		297651F623D35B6D00449013 /* SceneDelegate.swift */ = {isa = PBXFileReference; lastKnownFileType = sourcecode.swift; path = SceneDelegate.swift; sourceTree = "<group>"; };
		297651F823D35B6D00449013 /* ViewController.swift */ = {isa = PBXFileReference; lastKnownFileType = sourcecode.swift; path = ViewController.swift; sourceTree = "<group>"; };
		297651FB23D35B6D00449013 /* Base */ = {isa = PBXFileReference; lastKnownFileType = file.storyboard; name = Base; path = Base.lproj/Main.storyboard; sourceTree = "<group>"; };
		2976520023D35B6F00449013 /* Assets.xcassets */ = {isa = PBXFileReference; lastKnownFileType = folder.assetcatalog; path = Assets.xcassets; sourceTree = "<group>"; };
		2976520323D35B6F00449013 /* Base */ = {isa = PBXFileReference; lastKnownFileType = file.storyboard; name = Base; path = Base.lproj/LaunchScreen.storyboard; sourceTree = "<group>"; };
		2976520523D35B6F00449013 /* Info.plist */ = {isa = PBXFileReference; lastKnownFileType = text.plist.xml; path = Info.plist; sourceTree = "<group>"; };
		2976520B23D35F8100449013 /* IngredientCell.swift */ = {isa = PBXFileReference; lastKnownFileType = sourcecode.swift; path = IngredientCell.swift; sourceTree = "<group>"; };
		2976520C23D35F8100449013 /* IngredientCell.xib */ = {isa = PBXFileReference; lastKnownFileType = file.xib; path = IngredientCell.xib; sourceTree = "<group>"; };
		2976521023D363CE00449013 /* Constants.swift */ = {isa = PBXFileReference; lastKnownFileType = sourcecode.swift; path = Constants.swift; sourceTree = "<group>"; };
		29FE243223D3CCF500350D60 /* Ingredient.swift */ = {isa = PBXFileReference; lastKnownFileType = sourcecode.swift; path = Ingredient.swift; sourceTree = "<group>"; };
		762721A5B69D7037F35D24D8 /* Pods-Catculator.release.xcconfig */ = {isa = PBXFileReference; includeInIndex = 1; lastKnownFileType = text.xcconfig; name = "Pods-Catculator.release.xcconfig"; path = "Target Support Files/Pods-Catculator/Pods-Catculator.release.xcconfig"; sourceTree = "<group>"; };
		93886F5FAA73639A369D57E1 /* Pods-Catculator.debug.xcconfig */ = {isa = PBXFileReference; includeInIndex = 1; lastKnownFileType = text.xcconfig; name = "Pods-Catculator.debug.xcconfig"; path = "Target Support Files/Pods-Catculator/Pods-Catculator.debug.xcconfig"; sourceTree = "<group>"; };
		ABDB8AACD3C10E55808584F2 /* Pods_Catculator.framework */ = {isa = PBXFileReference; explicitFileType = wrapper.framework; includeInIndex = 0; path = Pods_Catculator.framework; sourceTree = BUILT_PRODUCTS_DIR; };
/* End PBXFileReference section */

/* Begin PBXFrameworksBuildPhase section */
		297651EE23D35B6D00449013 /* Frameworks */ = {
			isa = PBXFrameworksBuildPhase;
			buildActionMask = 2147483647;
			files = (
				74DEABA0C160D9219F235E41 /* Pods_Catculator.framework in Frameworks */,
			);
			runOnlyForDeploymentPostprocessing = 0;
		};
/* End PBXFrameworksBuildPhase section */

/* Begin PBXGroup section */
		2928513A23D36A7400B42898 /* Models */ = {
			isa = PBXGroup;
			children = (
				2976521023D363CE00449013 /* Constants.swift */,
				2928513623D3697300B42898 /* Model.swift */,
				29FE243223D3CCF500350D60 /* Ingredient.swift */,
				2909FCF023D3E86B001C293D /* Category.swift */,
			);
			path = Models;
			sourceTree = "<group>";
		};
		297651E823D35B6D00449013 = {
			isa = PBXGroup;
			children = (
				297651F323D35B6D00449013 /* Catculator */,
				297651F223D35B6D00449013 /* Products */,
				66680615B3F85C3B7616F039 /* Pods */,
				55F9B84291A5EECCA703CEE2 /* Frameworks */,
			);
			sourceTree = "<group>";
		};
		297651F223D35B6D00449013 /* Products */ = {
			isa = PBXGroup;
			children = (
				297651F123D35B6D00449013 /* Catculator.app */,
			);
			name = Products;
			sourceTree = "<group>";
		};
		297651F323D35B6D00449013 /* Catculator */ = {
			isa = PBXGroup;
			children = (
				297651F423D35B6D00449013 /* AppDelegate.swift */,
				297651F623D35B6D00449013 /* SceneDelegate.swift */,
				29FE243123D3CCD100350D60 /* Controllers */,
				2928513A23D36A7400B42898 /* Models */,
				2976520F23D363B200449013 /* View */,
				2976520023D35B6F00449013 /* Assets.xcassets */,
				2976520223D35B6F00449013 /* LaunchScreen.storyboard */,
				2976520523D35B6F00449013 /* Info.plist */,
			);
			path = Catculator;
			sourceTree = "<group>";
		};
		2976520F23D363B200449013 /* View */ = {
			isa = PBXGroup;
			children = (
				297651FA23D35B6D00449013 /* Main.storyboard */,
				2976520B23D35F8100449013 /* IngredientCell.swift */,
				2976520C23D35F8100449013 /* IngredientCell.xib */,
			);
			path = View;
			sourceTree = "<group>";
		};
		29FE243123D3CCD100350D60 /* Controllers */ = {
			isa = PBXGroup;
			children = (
				297651F823D35B6D00449013 /* ViewController.swift */,
			);
			path = Controllers;
			sourceTree = "<group>";
		};
		55F9B84291A5EECCA703CEE2 /* Frameworks */ = {
			isa = PBXGroup;
			children = (
				ABDB8AACD3C10E55808584F2 /* Pods_Catculator.framework */,
			);
			name = Frameworks;
			sourceTree = "<group>";
		};
		66680615B3F85C3B7616F039 /* Pods */ = {
			isa = PBXGroup;
			children = (
				93886F5FAA73639A369D57E1 /* Pods-Catculator.debug.xcconfig */,
				762721A5B69D7037F35D24D8 /* Pods-Catculator.release.xcconfig */,
			);
			path = Pods;
			sourceTree = "<group>";
		};
/* End PBXGroup section */

/* Begin PBXNativeTarget section */
		297651F023D35B6D00449013 /* Catculator */ = {
			isa = PBXNativeTarget;
			buildConfigurationList = 2976520823D35B6F00449013 /* Build configuration list for PBXNativeTarget "Catculator" */;
			buildPhases = (
				8DAB02DF0C56BB731E91920B /* [CP] Check Pods Manifest.lock */,
				297651ED23D35B6D00449013 /* Sources */,
				297651EE23D35B6D00449013 /* Frameworks */,
				297651EF23D35B6D00449013 /* Resources */,
				894F9F891746F32D5AF71366 /* [CP] Embed Pods Frameworks */,
			);
			buildRules = (
			);
			dependencies = (
			);
			name = Catculator;
			productName = Catculator;
			productReference = 297651F123D35B6D00449013 /* Catculator.app */;
			productType = "com.apple.product-type.application";
		};
/* End PBXNativeTarget section */

/* Begin PBXProject section */
		297651E923D35B6D00449013 /* Project object */ = {
			isa = PBXProject;
			attributes = {
				LastSwiftUpdateCheck = 1130;
				LastUpgradeCheck = 1130;
				ORGANIZATIONNAME = firerozen;
				TargetAttributes = {
					297651F023D35B6D00449013 = {
						CreatedOnToolsVersion = 11.3.1;
					};
				};
			};
			buildConfigurationList = 297651EC23D35B6D00449013 /* Build configuration list for PBXProject "Catculator" */;
			compatibilityVersion = "Xcode 9.3";
			developmentRegion = en;
			hasScannedForEncodings = 0;
			knownRegions = (
				en,
				Base,
			);
			mainGroup = 297651E823D35B6D00449013;
			productRefGroup = 297651F223D35B6D00449013 /* Products */;
			projectDirPath = "";
			projectRoot = "";
			targets = (
				297651F023D35B6D00449013 /* Catculator */,
			);
		};
/* End PBXProject section */

/* Begin PBXResourcesBuildPhase section */
		297651EF23D35B6D00449013 /* Resources */ = {
			isa = PBXResourcesBuildPhase;
			buildActionMask = 2147483647;
			files = (
				2976520E23D35F8100449013 /* IngredientCell.xib in Resources */,
				2976520423D35B6F00449013 /* LaunchScreen.storyboard in Resources */,
				2976520123D35B6F00449013 /* Assets.xcassets in Resources */,
				297651FC23D35B6D00449013 /* Main.storyboard in Resources */,
			);
			runOnlyForDeploymentPostprocessing = 0;
		};
/* End PBXResourcesBuildPhase section */

/* Begin PBXShellScriptBuildPhase section */
		894F9F891746F32D5AF71366 /* [CP] Embed Pods Frameworks */ = {
			isa = PBXShellScriptBuildPhase;
			buildActionMask = 2147483647;
			files = (
			);
			inputFileListPaths = (
				"${PODS_ROOT}/Target Support Files/Pods-Catculator/Pods-Catculator-frameworks-${CONFIGURATION}-input-files.xcfilelist",
			);
			name = "[CP] Embed Pods Frameworks";
			outputFileListPaths = (
				"${PODS_ROOT}/Target Support Files/Pods-Catculator/Pods-Catculator-frameworks-${CONFIGURATION}-output-files.xcfilelist",
			);
			runOnlyForDeploymentPostprocessing = 0;
			shellPath = /bin/sh;
			shellScript = "\"${PODS_ROOT}/Target Support Files/Pods-Catculator/Pods-Catculator-frameworks.sh\"\n";
			showEnvVarsInLog = 0;
		};
		8DAB02DF0C56BB731E91920B /* [CP] Check Pods Manifest.lock */ = {
			isa = PBXShellScriptBuildPhase;
			buildActionMask = 2147483647;
			files = (
			);
			inputFileListPaths = (
			);
			inputPaths = (
				"${PODS_PODFILE_DIR_PATH}/Podfile.lock",
				"${PODS_ROOT}/Manifest.lock",
			);
			name = "[CP] Check Pods Manifest.lock";
			outputFileListPaths = (
			);
			outputPaths = (
				"$(DERIVED_FILE_DIR)/Pods-Catculator-checkManifestLockResult.txt",
			);
			runOnlyForDeploymentPostprocessing = 0;
			shellPath = /bin/sh;
			shellScript = "diff \"${PODS_PODFILE_DIR_PATH}/Podfile.lock\" \"${PODS_ROOT}/Manifest.lock\" > /dev/null\nif [ $? != 0 ] ; then\n    # print error to STDERR\n    echo \"error: The sandbox is not in sync with the Podfile.lock. Run 'pod install' or update your CocoaPods installation.\" >&2\n    exit 1\nfi\n# This output is used by Xcode 'outputs' to avoid re-running this script phase.\necho \"SUCCESS\" > \"${SCRIPT_OUTPUT_FILE_0}\"\n";
			showEnvVarsInLog = 0;
		};
/* End PBXShellScriptBuildPhase section */

/* Begin PBXSourcesBuildPhase section */
		297651ED23D35B6D00449013 /* Sources */ = {
			isa = PBXSourcesBuildPhase;
			buildActionMask = 2147483647;
			files = (
				2928513723D3697300B42898 /* Model.swift in Sources */,
				297651F923D35B6D00449013 /* ViewController.swift in Sources */,
				2976520D23D35F8100449013 /* IngredientCell.swift in Sources */,
				29FE243323D3CCF500350D60 /* Ingredient.swift in Sources */,
				297651F523D35B6D00449013 /* AppDelegate.swift in Sources */,
				297651F723D35B6D00449013 /* SceneDelegate.swift in Sources */,
				2976521123D363CE00449013 /* Constants.swift in Sources */,
				2909FCF123D3E86B001C293D /* Category.swift in Sources */,
			);
			runOnlyForDeploymentPostprocessing = 0;
		};
/* End PBXSourcesBuildPhase section */

/* Begin PBXVariantGroup section */
		297651FA23D35B6D00449013 /* Main.storyboard */ = {
			isa = PBXVariantGroup;
			children = (
				297651FB23D35B6D00449013 /* Base */,
			);
			name = Main.storyboard;
			sourceTree = "<group>";
		};
		2976520223D35B6F00449013 /* LaunchScreen.storyboard */ = {
			isa = PBXVariantGroup;
			children = (
				2976520323D35B6F00449013 /* Base */,
			);
			name = LaunchScreen.storyboard;
			sourceTree = "<group>";
		};
/* End PBXVariantGroup section */

/* Begin XCBuildConfiguration section */
		2976520623D35B6F00449013 /* Debug */ = {
			isa = XCBuildConfiguration;
			buildSettings = {
				ALWAYS_SEARCH_USER_PATHS = NO;
				CLANG_ANALYZER_NONNULL = YES;
				CLANG_ANALYZER_NUMBER_OBJECT_CONVERSION = YES_AGGRESSIVE;
				CLANG_CXX_LANGUAGE_STANDARD = "gnu++14";
				CLANG_CXX_LIBRARY = "libc++";
				CLANG_ENABLE_MODULES = YES;
				CLANG_ENABLE_OBJC_ARC = YES;
				CLANG_ENABLE_OBJC_WEAK = YES;
				CLANG_WARN_BLOCK_CAPTURE_AUTORELEASING = YES;
				CLANG_WARN_BOOL_CONVERSION = YES;
				CLANG_WARN_COMMA = YES;
				CLANG_WARN_CONSTANT_CONVERSION = YES;
				CLANG_WARN_DEPRECATED_OBJC_IMPLEMENTATIONS = YES;
				CLANG_WARN_DIRECT_OBJC_ISA_USAGE = YES_ERROR;
				CLANG_WARN_DOCUMENTATION_COMMENTS = YES;
				CLANG_WARN_EMPTY_BODY = YES;
				CLANG_WARN_ENUM_CONVERSION = YES;
				CLANG_WARN_INFINITE_RECURSION = YES;
				CLANG_WARN_INT_CONVERSION = YES;
				CLANG_WARN_NON_LITERAL_NULL_CONVERSION = YES;
				CLANG_WARN_OBJC_IMPLICIT_RETAIN_SELF = YES;
				CLANG_WARN_OBJC_LITERAL_CONVERSION = YES;
				CLANG_WARN_OBJC_ROOT_CLASS = YES_ERROR;
				CLANG_WARN_RANGE_LOOP_ANALYSIS = YES;
				CLANG_WARN_STRICT_PROTOTYPES = YES;
				CLANG_WARN_SUSPICIOUS_MOVE = YES;
				CLANG_WARN_UNGUARDED_AVAILABILITY = YES_AGGRESSIVE;
				CLANG_WARN_UNREACHABLE_CODE = YES;
				CLANG_WARN__DUPLICATE_METHOD_MATCH = YES;
				COPY_PHASE_STRIP = NO;
				DEBUG_INFORMATION_FORMAT = dwarf;
				ENABLE_STRICT_OBJC_MSGSEND = YES;
				ENABLE_TESTABILITY = YES;
				GCC_C_LANGUAGE_STANDARD = gnu11;
				GCC_DYNAMIC_NO_PIC = NO;
				GCC_NO_COMMON_BLOCKS = YES;
				GCC_OPTIMIZATION_LEVEL = 0;
				GCC_PREPROCESSOR_DEFINITIONS = (
					"DEBUG=1",
					"$(inherited)",
				);
				GCC_WARN_64_TO_32_BIT_CONVERSION = YES;
				GCC_WARN_ABOUT_RETURN_TYPE = YES_ERROR;
				GCC_WARN_UNDECLARED_SELECTOR = YES;
				GCC_WARN_UNINITIALIZED_AUTOS = YES_AGGRESSIVE;
				GCC_WARN_UNUSED_FUNCTION = YES;
				GCC_WARN_UNUSED_VARIABLE = YES;
				IPHONEOS_DEPLOYMENT_TARGET = 13.2;
				MTL_ENABLE_DEBUG_INFO = INCLUDE_SOURCE;
				MTL_FAST_MATH = YES;
				ONLY_ACTIVE_ARCH = YES;
				SDKROOT = iphoneos;
				SWIFT_ACTIVE_COMPILATION_CONDITIONS = DEBUG;
				SWIFT_OPTIMIZATION_LEVEL = "-Onone";
			};
			name = Debug;
		};
		2976520723D35B6F00449013 /* Release */ = {
			isa = XCBuildConfiguration;
			buildSettings = {
				ALWAYS_SEARCH_USER_PATHS = NO;
				CLANG_ANALYZER_NONNULL = YES;
				CLANG_ANALYZER_NUMBER_OBJECT_CONVERSION = YES_AGGRESSIVE;
				CLANG_CXX_LANGUAGE_STANDARD = "gnu++14";
				CLANG_CXX_LIBRARY = "libc++";
				CLANG_ENABLE_MODULES = YES;
				CLANG_ENABLE_OBJC_ARC = YES;
				CLANG_ENABLE_OBJC_WEAK = YES;
				CLANG_WARN_BLOCK_CAPTURE_AUTORELEASING = YES;
				CLANG_WARN_BOOL_CONVERSION = YES;
				CLANG_WARN_COMMA = YES;
				CLANG_WARN_CONSTANT_CONVERSION = YES;
				CLANG_WARN_DEPRECATED_OBJC_IMPLEMENTATIONS = YES;
				CLANG_WARN_DIRECT_OBJC_ISA_USAGE = YES_ERROR;
				CLANG_WARN_DOCUMENTATION_COMMENTS = YES;
				CLANG_WARN_EMPTY_BODY = YES;
				CLANG_WARN_ENUM_CONVERSION = YES;
				CLANG_WARN_INFINITE_RECURSION = YES;
				CLANG_WARN_INT_CONVERSION = YES;
				CLANG_WARN_NON_LITERAL_NULL_CONVERSION = YES;
				CLANG_WARN_OBJC_IMPLICIT_RETAIN_SELF = YES;
				CLANG_WARN_OBJC_LITERAL_CONVERSION = YES;
				CLANG_WARN_OBJC_ROOT_CLASS = YES_ERROR;
				CLANG_WARN_RANGE_LOOP_ANALYSIS = YES;
				CLANG_WARN_STRICT_PROTOTYPES = YES;
				CLANG_WARN_SUSPICIOUS_MOVE = YES;
				CLANG_WARN_UNGUARDED_AVAILABILITY = YES_AGGRESSIVE;
				CLANG_WARN_UNREACHABLE_CODE = YES;
				CLANG_WARN__DUPLICATE_METHOD_MATCH = YES;
				COPY_PHASE_STRIP = NO;
				DEBUG_INFORMATION_FORMAT = "dwarf-with-dsym";
				ENABLE_NS_ASSERTIONS = NO;
				ENABLE_STRICT_OBJC_MSGSEND = YES;
				GCC_C_LANGUAGE_STANDARD = gnu11;
				GCC_NO_COMMON_BLOCKS = YES;
				GCC_WARN_64_TO_32_BIT_CONVERSION = YES;
				GCC_WARN_ABOUT_RETURN_TYPE = YES_ERROR;
				GCC_WARN_UNDECLARED_SELECTOR = YES;
				GCC_WARN_UNINITIALIZED_AUTOS = YES_AGGRESSIVE;
				GCC_WARN_UNUSED_FUNCTION = YES;
				GCC_WARN_UNUSED_VARIABLE = YES;
				IPHONEOS_DEPLOYMENT_TARGET = 13.2;
				MTL_ENABLE_DEBUG_INFO = NO;
				MTL_FAST_MATH = YES;
				SDKROOT = iphoneos;
				SWIFT_COMPILATION_MODE = wholemodule;
				SWIFT_OPTIMIZATION_LEVEL = "-O";
				VALIDATE_PRODUCT = YES;
			};
			name = Release;
		};
		2976520923D35B6F00449013 /* Debug */ = {
			isa = XCBuildConfiguration;
			baseConfigurationReference = 93886F5FAA73639A369D57E1 /* Pods-Catculator.debug.xcconfig */;
			buildSettings = {
				ASSETCATALOG_COMPILER_APPICON_NAME = AppIcon;
				CODE_SIGN_STYLE = Automatic;
				INFOPLIST_FILE = Catculator/Info.plist;
				LD_RUNPATH_SEARCH_PATHS = (
					"$(inherited)",
					"@executable_path/Frameworks",
				);
				PRODUCT_BUNDLE_IDENTIFIER = com.lin.firerozen.Catculator;
				PRODUCT_NAME = "$(TARGET_NAME)";
				SWIFT_VERSION = 5.0;
				TARGETED_DEVICE_FAMILY = "1,2";
			};
			name = Debug;
		};
		2976520A23D35B6F00449013 /* Release */ = {
			isa = XCBuildConfiguration;
			baseConfigurationReference = 762721A5B69D7037F35D24D8 /* Pods-Catculator.release.xcconfig */;
			buildSettings = {
				ASSETCATALOG_COMPILER_APPICON_NAME = AppIcon;
				CODE_SIGN_STYLE = Automatic;
				INFOPLIST_FILE = Catculator/Info.plist;
				LD_RUNPATH_SEARCH_PATHS = (
					"$(inherited)",
					"@executable_path/Frameworks",
				);
				PRODUCT_BUNDLE_IDENTIFIER = com.lin.firerozen.Catculator;
				PRODUCT_NAME = "$(TARGET_NAME)";
				SWIFT_VERSION = 5.0;
				TARGETED_DEVICE_FAMILY = "1,2";
			};
			name = Release;
		};
/* End XCBuildConfiguration section */

/* Begin XCConfigurationList section */
		297651EC23D35B6D00449013 /* Build configuration list for PBXProject "Catculator" */ = {
			isa = XCConfigurationList;
			buildConfigurations = (
				2976520623D35B6F00449013 /* Debug */,
				2976520723D35B6F00449013 /* Release */,
			);
			defaultConfigurationIsVisible = 0;
			defaultConfigurationName = Release;
		};
		2976520823D35B6F00449013 /* Build configuration list for PBXNativeTarget "Catculator" */ = {
			isa = XCConfigurationList;
			buildConfigurations = (
				2976520923D35B6F00449013 /* Debug */,
				2976520A23D35B6F00449013 /* Release */,
			);
			defaultConfigurationIsVisible = 0;
			defaultConfigurationName = Release;
		};
/* End XCConfigurationList section */
	};
	rootObject = 297651E923D35B6D00449013 /* Project object */;
}
